
Microsoft Visual Studio Solution File, Format Version 12.00
# Visual Studio Version 17
VisualStudioVersion = 17.5.33502.453
MinimumVisualStudioVersion = 10.0.40219.1
Project("{FAE04EC0-301F-11D3-BF4B-00C04F79EFBC}") = "Thuongne", "Thuongne\Thuongne.csproj", "{360B5BCA-91AC-414F-BFCF-B1A6EA982646}"
EndProject
Global
	GlobalSection(SolutionConfigurationPlatforms) = preSolution
		Debug|Any CPU = Debug|Any CPU
		Release|Any CPU = Release|Any CPU
	EndGlobalSection
	GlobalSection(ProjectConfigurationPlatforms) = postSolution
		{360B5BCA-91AC-414F-BFCF-B1A6EA982646}.Debug|Any CPU.ActiveCfg = Debug|Any CPU
		{360B5BCA-91AC-414F-BFCF-B1A6EA982646}.Debug|Any CPU.Build.0 = Debug|Any CPU
		{360B5BCA-91AC-414F-BFCF-B1A6EA982646}.Release|Any CPU.ActiveCfg = Release|Any CPU
		{360B5BCA-91AC-414F-BFCF-B1A6EA982646}.Release|Any CPU.Build.0 = Release|Any CPU
	EndGlobalSection
	GlobalSection(SolutionProperties) = preSolution
		HideSolutionNode = FALSE
	EndGlobalSection
	GlobalSection(ExtensibilityGlobals) = postSolution
		SolutionGuid = {E7E53382-27EC-4B99-B8F7-62C4DA0FF14B}
	EndGlobalSection
EndGlobal
